
Microsoft Visual Studio Solution File, Format Version 12.00
# Visual Studio Version 16
VisualStudioVersion = 16.0.810.4
MinimumVisualStudioVersion = 10.0.40219.1
Project("{FAE04EC0-301F-11D3-BF4B-00C04F79EFBC}") = "Hangman_WW", "Hangman_WW\Hangman_WW.csproj", "{ED399942-C2DB-4D6E-A0DB-E2F5DC054E11}"
EndProject
Global
	GlobalSection(SolutionConfigurationPlatforms) = preSolution
		Debug|Any CPU = Debug|Any CPU
		Release|Any CPU = Release|Any CPU
	EndGlobalSection
	GlobalSection(ProjectConfigurationPlatforms) = postSolution
		{ED399942-C2DB-4D6E-A0DB-E2F5DC054E11}.Debug|Any CPU.ActiveCfg = Debug|Any CPU
		{ED399942-C2DB-4D6E-A0DB-E2F5DC054E11}.Debug|Any CPU.Build.0 = Debug|Any CPU
		{ED399942-C2DB-4D6E-A0DB-E2F5DC054E11}.Release|Any CPU.ActiveCfg = Release|Any CPU
		{ED399942-C2DB-4D6E-A0DB-E2F5DC054E11}.Release|Any CPU.Build.0 = Release|Any CPU
	EndGlobalSection
	GlobalSection(SolutionProperties) = preSolution
		HideSolutionNode = FALSE
	EndGlobalSection
	GlobalSection(ExtensibilityGlobals) = postSolution
		SolutionGuid = {EDFA64BE-2FA0-4636-A1A4-12BFE29F63A2}
	EndGlobalSection
EndGlobal
